
Microsoft Visual Studio Solution File, Format Version 12.00
# Visual Studio Version 16
VisualStudioVersion = 16.0.31729.503
MinimumVisualStudioVersion = 10.0.40219.1
Project("{FAE04EC0-301F-11D3-BF4B-00C04F79EFBC}") = "RepositoryPatternWithUOW.Api", "RepositoryPatternWithUOW.Api\RepositoryPatternWithUOW.Api.csproj", "{E52D1463-BD6A-4F58-8515-2CC3FA3F5250}"
EndProject
Project("{FAE04EC0-301F-11D3-BF4B-00C04F79EFBC}") = "RepositoryPatternWithUOW.Core", "RepositoryPatternWithUOW.Core\RepositoryPatternWithUOW.Core.csproj", "{8C3EDF66-7C92-46B3-A114-8E434AC813B7}"
EndProject
Project("{FAE04EC0-301F-11D3-BF4B-00C04F79EFBC}") = "RepositoryPatternWithUOW.EF", "RepositoryPatternWithUOW.EF\RepositoryPatternWithUOW.EF.csproj", "{C409263C-712E-424E-89D8-A7AF7430A030}"
EndProject
Global
	GlobalSection(SolutionConfigurationPlatforms) = preSolution
		Debug|Any CPU = Debug|Any CPU
		Release|Any CPU = Release|Any CPU
	EndGlobalSection
	GlobalSection(ProjectConfigurationPlatforms) = postSolution
		{E52D1463-BD6A-4F58-8515-2CC3FA3F5250}.Debug|Any CPU.ActiveCfg = Debug|Any CPU
		{E52D1463-BD6A-4F58-8515-2CC3FA3F5250}.Debug|Any CPU.Build.0 = Debug|Any CPU
		{E52D1463-BD6A-4F58-8515-2CC3FA3F5250}.Release|Any CPU.ActiveCfg = Release|Any CPU
		{E52D1463-BD6A-4F58-8515-2CC3FA3F5250}.Release|Any CPU.Build.0 = Release|Any CPU
		{8C3EDF66-7C92-46B3-A114-8E434AC813B7}.Debug|Any CPU.ActiveCfg = Debug|Any CPU
		{8C3EDF66-7C92-46B3-A114-8E434AC813B7}.Debug|Any CPU.Build.0 = Debug|Any CPU
		{8C3EDF66-7C92-46B3-A114-8E434AC813B7}.Release|Any CPU.ActiveCfg = Release|Any CPU
		{8C3EDF66-7C92-46B3-A114-8E434AC813B7}.Release|Any CPU.Build.0 = Release|Any CPU
		{C409263C-712E-424E-89D8-A7AF7430A030}.Debug|Any CPU.ActiveCfg = Debug|Any CPU
		{C409263C-712E-424E-89D8-A7AF7430A030}.Debug|Any CPU.Build.0 = Debug|Any CPU
		{C409263C-712E-424E-89D8-A7AF7430A030}.Release|Any CPU.ActiveCfg = Release|Any CPU
		{C409263C-712E-424E-89D8-A7AF7430A030}.Release|Any CPU.Build.0 = Release|Any CPU
	EndGlobalSection
	GlobalSection(SolutionProperties) = preSolution
		HideSolutionNode = FALSE
	EndGlobalSection
	GlobalSection(ExtensibilityGlobals) = postSolution
		SolutionGuid = {3E8F2177-0250-4835-A7B8-5B4BBC5DB38D}
	EndGlobalSection
EndGlobal
